
Microsoft Visual Studio Solution File, Format Version 12.00
# Visual Studio Version 17
VisualStudioVersion = 17.14.37027.9
MinimumVisualStudioVersion = 10.0.40219.1
Project("{2150E333-8FDC-42A3-9474-1A3956D46DE8}") = "src", "src", "{02EA681E-C7D8-13C7-8484-4AC65E1B71E8}"
EndProject
Project("{2150E333-8FDC-42A3-9474-1A3956D46DE8}") = "test", "test", "{171C6755-0539-437E-A6F4-43E45E454CD0}"
EndProject
Project("{FAE04EC0-301F-11D3-BF4B-00C04F79EFBC}") = "Bookly.Domain", "Bookly.Domain\Bookly.Domain.csproj", "{30C2D5DF-38E6-45BA-BE0F-0FECBE985EBF}"
EndProject
Project("{FAE04EC0-301F-11D3-BF4B-00C04F79EFBC}") = "Bookly.Application", "Bookly.Application\Bookly.Application.csproj", "{79AE89CC-DBCA-4F2B-9D68-4603C56CD0C7}"
EndProject
Project("{FAE04EC0-301F-11D3-BF4B-00C04F79EFBC}") = "Bookly.Infrastructure", "Bookly.Infrastructure\Bookly.Infrastructure.csproj", "{43FEA7AB-D76F-4427-89BF-E3AF360A470B}"
EndProject
Project("{FAE04EC0-301F-11D3-BF4B-00C04F79EFBC}") = "Bookly.Api", "Bookly.Api\Bookly.Api.csproj", "{A8C7AF0B-A4AB-485A-BA39-140A669F643A}"
EndProject
Project("{E53339B2-1760-4266-BCC7-CA923CBCF16C}") = "docker-compose", "docker-compose.dcproj", "{81DDED9D-158B-E303-5F62-77A2896D2A5A}"
EndProject
Global
	GlobalSection(SolutionConfigurationPlatforms) = preSolution
		Debug|Any CPU = Debug|Any CPU
		Release|Any CPU = Release|Any CPU
	EndGlobalSection
	GlobalSection(ProjectConfigurationPlatforms) = postSolution
		{30C2D5DF-38E6-45BA-BE0F-0FECBE985EBF}.Debug|Any CPU.ActiveCfg = Debug|Any CPU
		{30C2D5DF-38E6-45BA-BE0F-0FECBE985EBF}.Debug|Any CPU.Build.0 = Debug|Any CPU
		{30C2D5DF-38E6-45BA-BE0F-0FECBE985EBF}.Release|Any CPU.ActiveCfg = Release|Any CPU
		{30C2D5DF-38E6-45BA-BE0F-0FECBE985EBF}.Release|Any CPU.Build.0 = Release|Any CPU
		{79AE89CC-DBCA-4F2B-9D68-4603C56CD0C7}.Debug|Any CPU.ActiveCfg = Debug|Any CPU
		{79AE89CC-DBCA-4F2B-9D68-4603C56CD0C7}.Debug|Any CPU.Build.0 = Debug|Any CPU
		{79AE89CC-DBCA-4F2B-9D68-4603C56CD0C7}.Release|Any CPU.ActiveCfg = Release|Any CPU
		{79AE89CC-DBCA-4F2B-9D68-4603C56CD0C7}.Release|Any CPU.Build.0 = Release|Any CPU
		{43FEA7AB-D76F-4427-89BF-E3AF360A470B}.Debug|Any CPU.ActiveCfg = Debug|Any CPU
		{43FEA7AB-D76F-4427-89BF-E3AF360A470B}.Debug|Any CPU.Build.0 = Debug|Any CPU
		{43FEA7AB-D76F-4427-89BF-E3AF360A470B}.Release|Any CPU.ActiveCfg = Release|Any CPU
		{43FEA7AB-D76F-4427-89BF-E3AF360A470B}.Release|Any CPU.Build.0 = Release|Any CPU
		{A8C7AF0B-A4AB-485A-BA39-140A669F643A}.Debug|Any CPU.ActiveCfg = Debug|Any CPU
		{A8C7AF0B-A4AB-485A-BA39-140A669F643A}.Debug|Any CPU.Build.0 = Debug|Any CPU
		{A8C7AF0B-A4AB-485A-BA39-140A669F643A}.Release|Any CPU.ActiveCfg = Release|Any CPU
		{A8C7AF0B-A4AB-485A-BA39-140A669F643A}.Release|Any CPU.Build.0 = Release|Any CPU
		{81DDED9D-158B-E303-5F62-77A2896D2A5A}.Debug|Any CPU.ActiveCfg = Debug|Any CPU
		{81DDED9D-158B-E303-5F62-77A2896D2A5A}.Debug|Any CPU.Build.0 = Debug|Any CPU
		{81DDED9D-158B-E303-5F62-77A2896D2A5A}.Release|Any CPU.ActiveCfg = Release|Any CPU
		{81DDED9D-158B-E303-5F62-77A2896D2A5A}.Release|Any CPU.Build.0 = Release|Any CPU
	EndGlobalSection
	GlobalSection(SolutionProperties) = preSolution
		HideSolutionNode = FALSE
	EndGlobalSection
	GlobalSection(NestedProjects) = preSolution
		{30C2D5DF-38E6-45BA-BE0F-0FECBE985EBF} = {02EA681E-C7D8-13C7-8484-4AC65E1B71E8}
		{79AE89CC-DBCA-4F2B-9D68-4603C56CD0C7} = {02EA681E-C7D8-13C7-8484-4AC65E1B71E8}
		{43FEA7AB-D76F-4427-89BF-E3AF360A470B} = {02EA681E-C7D8-13C7-8484-4AC65E1B71E8}
		{A8C7AF0B-A4AB-485A-BA39-140A669F643A} = {02EA681E-C7D8-13C7-8484-4AC65E1B71E8}
	EndGlobalSection
	GlobalSection(ExtensibilityGlobals) = postSolution
		SolutionGuid = {98ECFA91-B268-40A7-A334-4B53464E6573}
	EndGlobalSection
EndGlobal
